
Microsoft Visual Studio Solution File, Format Version 12.00
# Visual Studio Version 17
VisualStudioVersion = 17.14.36804.6
MinimumVisualStudioVersion = 10.0.40219.1
Project("{FAE04EC0-301F-11D3-BF4B-00C04F79EFBC}") = "Serilog.Sinks.Mattermost", "MattermostSink\Serilog.Sinks.Mattermost.csproj", "{E676A275-B1C5-45C6-B080-D69373D4A96C}"
EndProject
Project("{2150E333-8FDC-42A3-9474-1A3956D46DE8}") = "Tests", "Tests", "{02EA681E-C7D8-13C7-8484-4AC65E1B71E8}"
EndProject
Project("{FAE04EC0-301F-11D3-BF4B-00C04F79EFBC}") = "MattermostLogging.Tests", "Tests\MattermostLogging.Tests\MattermostLogging.Tests.csproj", "{B6980D3B-B276-453E-9B6E-A49DE02100E8}"
EndProject
Project("{2150E333-8FDC-42A3-9474-1A3956D46DE8}") = "src", "src", "{524D0605-1BEB-463B-979D-44D282FFA7D7}"
EndProject
Global
	GlobalSection(SolutionConfigurationPlatforms) = preSolution
		Debug|Any CPU = Debug|Any CPU
		Release|Any CPU = Release|Any CPU
	EndGlobalSection
	GlobalSection(ProjectConfigurationPlatforms) = postSolution
		{E676A275-B1C5-45C6-B080-D69373D4A96C}.Debug|Any CPU.ActiveCfg = Debug|Any CPU
		{E676A275-B1C5-45C6-B080-D69373D4A96C}.Debug|Any CPU.Build.0 = Debug|Any CPU
		{E676A275-B1C5-45C6-B080-D69373D4A96C}.Release|Any CPU.ActiveCfg = Release|Any CPU
		{E676A275-B1C5-45C6-B080-D69373D4A96C}.Release|Any CPU.Build.0 = Release|Any CPU
		{B6980D3B-B276-453E-9B6E-A49DE02100E8}.Debug|Any CPU.ActiveCfg = Debug|Any CPU
		{B6980D3B-B276-453E-9B6E-A49DE02100E8}.Debug|Any CPU.Build.0 = Debug|Any CPU
		{B6980D3B-B276-453E-9B6E-A49DE02100E8}.Release|Any CPU.ActiveCfg = Release|Any CPU
		{B6980D3B-B276-453E-9B6E-A49DE02100E8}.Release|Any CPU.Build.0 = Release|Any CPU
	EndGlobalSection
	GlobalSection(SolutionProperties) = preSolution
		HideSolutionNode = FALSE
	EndGlobalSection
	GlobalSection(NestedProjects) = preSolution
		{E676A275-B1C5-45C6-B080-D69373D4A96C} = {524D0605-1BEB-463B-979D-44D282FFA7D7}
		{B6980D3B-B276-453E-9B6E-A49DE02100E8} = {02EA681E-C7D8-13C7-8484-4AC65E1B71E8}
	EndGlobalSection
	GlobalSection(ExtensibilityGlobals) = postSolution
		SolutionGuid = {29945FD5-29BE-4FF8-BC59-CF949356113D}
	EndGlobalSection
EndGlobal
